
Microsoft Visual Studio Solution File, Format Version 11.00
# Visual Studio 2010
Project("{FAE04EC0-301F-11D3-BF4B-00C04F79EFBC}") = "WifiEnumerator", "WifiEnumerator\WifiEnumerator.csproj", "{F456552D-424C-48F8-BF0B-52546DF9DB53}"
EndProject
Project("{FAE04EC0-301F-11D3-BF4B-00C04F79EFBC}") = "ManagedWifi", "ManagedWifi\ManagedWifi.csproj", "{6AA425C9-EA6A-4B01-AAED-5FF122E8B663}"
EndProject
Project("{FAE04EC0-301F-11D3-BF4B-00C04F79EFBC}") = "ManagedWifi.Test", "ManagedWifi.Test\ManagedWifi.Test.csproj", "{F6ADAE8C-2700-4E08-AE7F-4C5F73C7F5ED}"
EndProject
Project("{2150E333-8FDC-42A3-9474-1A3956D46DE8}") = "Solution Items", "Solution Items", "{BDD8BA12-8FF8-4792-A698-B5B2753BBBCC}"
	ProjectSection(SolutionItems) = preProject
		Local.testsettings = Local.testsettings
		TraceAndTestImpact.testsettings = TraceAndTestImpact.testsettings
		WifiEnumerator.vsmdi = WifiEnumerator.vsmdi
	EndProjectSection
EndProject
Global
	GlobalSection(TestCaseManagementSettings) = postSolution
		CategoryFile = WifiEnumerator.vsmdi
	EndGlobalSection
	GlobalSection(SolutionConfigurationPlatforms) = preSolution
		Debug|Any CPU = Debug|Any CPU
		Debug|Mixed Platforms = Debug|Mixed Platforms
		Debug|x86 = Debug|x86
		Release|Any CPU = Release|Any CPU
		Release|Mixed Platforms = Release|Mixed Platforms
		Release|x86 = Release|x86
	EndGlobalSection
	GlobalSection(ProjectConfigurationPlatforms) = postSolution
		{F456552D-424C-48F8-BF0B-52546DF9DB53}.Debug|Any CPU.ActiveCfg = Debug|x86
		{F456552D-424C-48F8-BF0B-52546DF9DB53}.Debug|Mixed Platforms.ActiveCfg = Debug|x86
		{F456552D-424C-48F8-BF0B-52546DF9DB53}.Debug|Mixed Platforms.Build.0 = Debug|x86
		{F456552D-424C-48F8-BF0B-52546DF9DB53}.Debug|x86.ActiveCfg = Debug|x86
		{F456552D-424C-48F8-BF0B-52546DF9DB53}.Debug|x86.Build.0 = Debug|x86
		{F456552D-424C-48F8-BF0B-52546DF9DB53}.Release|Any CPU.ActiveCfg = Release|x86
		{F456552D-424C-48F8-BF0B-52546DF9DB53}.Release|Mixed Platforms.ActiveCfg = Release|x86
		{F456552D-424C-48F8-BF0B-52546DF9DB53}.Release|Mixed Platforms.Build.0 = Release|x86
		{F456552D-424C-48F8-BF0B-52546DF9DB53}.Release|x86.ActiveCfg = Release|x86
		{F456552D-424C-48F8-BF0B-52546DF9DB53}.Release|x86.Build.0 = Release|x86
		{6AA425C9-EA6A-4B01-AAED-5FF122E8B663}.Debug|Any CPU.ActiveCfg = Debug|Any CPU
		{6AA425C9-EA6A-4B01-AAED-5FF122E8B663}.Debug|Any CPU.Build.0 = Debug|Any CPU
		{6AA425C9-EA6A-4B01-AAED-5FF122E8B663}.Debug|Mixed Platforms.ActiveCfg = Debug|Any CPU
		{6AA425C9-EA6A-4B01-AAED-5FF122E8B663}.Debug|Mixed Platforms.Build.0 = Debug|Any CPU
		{6AA425C9-EA6A-4B01-AAED-5FF122E8B663}.Debug|x86.ActiveCfg = Debug|Any CPU
		{6AA425C9-EA6A-4B01-AAED-5FF122E8B663}.Release|Any CPU.ActiveCfg = Release|Any CPU
		{6AA425C9-EA6A-4B01-AAED-5FF122E8B663}.Release|Any CPU.Build.0 = Release|Any CPU
		{6AA425C9-EA6A-4B01-AAED-5FF122E8B663}.Release|Mixed Platforms.ActiveCfg = Release|Any CPU
		{6AA425C9-EA6A-4B01-AAED-5FF122E8B663}.Release|Mixed Platforms.Build.0 = Release|Any CPU
		{6AA425C9-EA6A-4B01-AAED-5FF122E8B663}.Release|x86.ActiveCfg = Release|Any CPU
		{F6ADAE8C-2700-4E08-AE7F-4C5F73C7F5ED}.Debug|Any CPU.ActiveCfg = Debug|Any CPU
		{F6ADAE8C-2700-4E08-AE7F-4C5F73C7F5ED}.Debug|Any CPU.Build.0 = Debug|Any CPU
		{F6ADAE8C-2700-4E08-AE7F-4C5F73C7F5ED}.Debug|Mixed Platforms.ActiveCfg = Debug|Any CPU
		{F6ADAE8C-2700-4E08-AE7F-4C5F73C7F5ED}.Debug|Mixed Platforms.Build.0 = Debug|Any CPU
		{F6ADAE8C-2700-4E08-AE7F-4C5F73C7F5ED}.Debug|x86.ActiveCfg = Debug|Any CPU
		{F6ADAE8C-2700-4E08-AE7F-4C5F73C7F5ED}.Release|Any CPU.ActiveCfg = Release|Any CPU
		{F6ADAE8C-2700-4E08-AE7F-4C5F73C7F5ED}.Release|Any CPU.Build.0 = Release|Any CPU
		{F6ADAE8C-2700-4E08-AE7F-4C5F73C7F5ED}.Release|Mixed Platforms.ActiveCfg = Release|Any CPU
		{F6ADAE8C-2700-4E08-AE7F-4C5F73C7F5ED}.Release|Mixed Platforms.Build.0 = Release|Any CPU
		{F6ADAE8C-2700-4E08-AE7F-4C5F73C7F5ED}.Release|x86.ActiveCfg = Release|Any CPU
	EndGlobalSection
	GlobalSection(SolutionProperties) = preSolution
		HideSolutionNode = FALSE
	EndGlobalSection
EndGlobal
